
Microsoft Visual Studio Solution File, Format Version 12.00
# Visual Studio Version 17
VisualStudioVersion = 17.14.36518.9
MinimumVisualStudioVersion = 10.0.40219.1
Project("{FAE04EC0-301F-11D3-BF4B-00C04F79EFBC}") = "LongJob", "LongJob\LongJob.csproj", "{042DDC0A-7D0F-4594-848F-92F4DFCD43E9}"
EndProject
Project("{54A90642-561A-4BB1-A94E-469ADEE60C69}") = "Client", "Client\Client.esproj", "{5DC3FCCF-9129-207D-CAD8-1B96C9FA47E2}"
EndProject
Project("{FAE04EC0-301F-11D3-BF4B-00C04F79EFBC}") = "LongJob.Application", "LongJob.Application\LongJob.Application.csproj", "{95104BFF-5E3A-4842-97CC-6C69BED17E14}"
EndProject
Project("{FAE04EC0-301F-11D3-BF4B-00C04F79EFBC}") = "LongJob.Infrastructure", "LongJob.Infrastructure\LongJob.Infrastructure.csproj", "{7CA26E02-5515-491F-9E00-8048BEB2E2F1}"
EndProject
Project("{FAE04EC0-301F-11D3-BF4B-00C04F79EFBC}") = "LongJob.Domain", "LongJob.Domain\LongJob.Domain.csproj", "{4FC7ED4B-FFD3-4637-B319-D6CBF2358E77}"
EndProject
Project("{2150E333-8FDC-42A3-9474-1A3956D46DE8}") = "test", "test", "{02EA681E-C7D8-13C7-8484-4AC65E1B71E8}"
EndProject
Project("{FAE04EC0-301F-11D3-BF4B-00C04F79EFBC}") = "LongJob.Test", "LongJob.Test\LongJob.Test.csproj", "{82548DC0-9608-414A-8C0E-F4A8719B0E8D}"
EndProject
Project("{2150E333-8FDC-42A3-9474-1A3956D46DE8}") = "src", "src", "{0DBB7122-C601-4853-A1CE-3A9026A51E9E}"
EndProject
Project("{2150E333-8FDC-42A3-9474-1A3956D46DE8}") = "frontend", "frontend", "{61AF6A43-1C54-48EC-95AB-AE0CB3C4A204}"
EndProject
Global
	GlobalSection(SolutionConfigurationPlatforms) = preSolution
		Debug|Any CPU = Debug|Any CPU
		Release|Any CPU = Release|Any CPU
	EndGlobalSection
	GlobalSection(ProjectConfigurationPlatforms) = postSolution
		{042DDC0A-7D0F-4594-848F-92F4DFCD43E9}.Debug|Any CPU.ActiveCfg = Debug|Any CPU
		{042DDC0A-7D0F-4594-848F-92F4DFCD43E9}.Debug|Any CPU.Build.0 = Debug|Any CPU
		{042DDC0A-7D0F-4594-848F-92F4DFCD43E9}.Release|Any CPU.ActiveCfg = Release|Any CPU
		{042DDC0A-7D0F-4594-848F-92F4DFCD43E9}.Release|Any CPU.Build.0 = Release|Any CPU
		{5DC3FCCF-9129-207D-CAD8-1B96C9FA47E2}.Debug|Any CPU.ActiveCfg = Debug|Any CPU
		{5DC3FCCF-9129-207D-CAD8-1B96C9FA47E2}.Debug|Any CPU.Build.0 = Debug|Any CPU
		{5DC3FCCF-9129-207D-CAD8-1B96C9FA47E2}.Debug|Any CPU.Deploy.0 = Debug|Any CPU
		{5DC3FCCF-9129-207D-CAD8-1B96C9FA47E2}.Release|Any CPU.ActiveCfg = Release|Any CPU
		{5DC3FCCF-9129-207D-CAD8-1B96C9FA47E2}.Release|Any CPU.Build.0 = Release|Any CPU
		{5DC3FCCF-9129-207D-CAD8-1B96C9FA47E2}.Release|Any CPU.Deploy.0 = Release|Any CPU
		{95104BFF-5E3A-4842-97CC-6C69BED17E14}.Debug|Any CPU.ActiveCfg = Debug|Any CPU
		{95104BFF-5E3A-4842-97CC-6C69BED17E14}.Debug|Any CPU.Build.0 = Debug|Any CPU
		{95104BFF-5E3A-4842-97CC-6C69BED17E14}.Release|Any CPU.ActiveCfg = Release|Any CPU
		{95104BFF-5E3A-4842-97CC-6C69BED17E14}.Release|Any CPU.Build.0 = Release|Any CPU
		{7CA26E02-5515-491F-9E00-8048BEB2E2F1}.Debug|Any CPU.ActiveCfg = Debug|Any CPU
		{7CA26E02-5515-491F-9E00-8048BEB2E2F1}.Debug|Any CPU.Build.0 = Debug|Any CPU
		{7CA26E02-5515-491F-9E00-8048BEB2E2F1}.Release|Any CPU.ActiveCfg = Release|Any CPU
		{7CA26E02-5515-491F-9E00-8048BEB2E2F1}.Release|Any CPU.Build.0 = Release|Any CPU
		{4FC7ED4B-FFD3-4637-B319-D6CBF2358E77}.Debug|Any CPU.ActiveCfg = Debug|Any CPU
		{4FC7ED4B-FFD3-4637-B319-D6CBF2358E77}.Debug|Any CPU.Build.0 = Debug|Any CPU
		{4FC7ED4B-FFD3-4637-B319-D6CBF2358E77}.Release|Any CPU.ActiveCfg = Release|Any CPU
		{4FC7ED4B-FFD3-4637-B319-D6CBF2358E77}.Release|Any CPU.Build.0 = Release|Any CPU
		{82548DC0-9608-414A-8C0E-F4A8719B0E8D}.Debug|Any CPU.ActiveCfg = Debug|Any CPU
		{82548DC0-9608-414A-8C0E-F4A8719B0E8D}.Debug|Any CPU.Build.0 = Debug|Any CPU
		{82548DC0-9608-414A-8C0E-F4A8719B0E8D}.Release|Any CPU.ActiveCfg = Release|Any CPU
		{82548DC0-9608-414A-8C0E-F4A8719B0E8D}.Release|Any CPU.Build.0 = Release|Any CPU
	EndGlobalSection
	GlobalSection(SolutionProperties) = preSolution
		HideSolutionNode = FALSE
	EndGlobalSection
	GlobalSection(NestedProjects) = preSolution
		{042DDC0A-7D0F-4594-848F-92F4DFCD43E9} = {0DBB7122-C601-4853-A1CE-3A9026A51E9E}
		{5DC3FCCF-9129-207D-CAD8-1B96C9FA47E2} = {61AF6A43-1C54-48EC-95AB-AE0CB3C4A204}
		{95104BFF-5E3A-4842-97CC-6C69BED17E14} = {0DBB7122-C601-4853-A1CE-3A9026A51E9E}
		{7CA26E02-5515-491F-9E00-8048BEB2E2F1} = {0DBB7122-C601-4853-A1CE-3A9026A51E9E}
		{4FC7ED4B-FFD3-4637-B319-D6CBF2358E77} = {0DBB7122-C601-4853-A1CE-3A9026A51E9E}
		{82548DC0-9608-414A-8C0E-F4A8719B0E8D} = {02EA681E-C7D8-13C7-8484-4AC65E1B71E8}
	EndGlobalSection
	GlobalSection(ExtensibilityGlobals) = postSolution
		SolutionGuid = {7AC919B4-1814-4D35-BE38-70E6AA549646}
	EndGlobalSection
EndGlobal
